
Microsoft Visual Studio Solution File, Format Version 12.00
# Visual Studio 14
VisualStudioVersion = 14.0.25420.1
MinimumVisualStudioVersion = 10.0.40219.1
Project("{2150E333-8FDC-42A3-9474-1A3956D46DE8}") = "src", "src", "{89BFBFD6-752C-4254-96AA-394C9DA1CFC4}"
EndProject
Project("{2150E333-8FDC-42A3-9474-1A3956D46DE8}") = "Solution Items", "Solution Items", "{34F2EF3E-8498-4B76-BEB0-B4CA61EB38C0}"
	ProjectSection(SolutionItems) = preProject
		global.json = global.json
	EndProjectSection
EndProject
Project("{8BB2217D-0F2D-49D1-97BC-3654ED321F3B}") = "NuGetCleaner", "src\NuGetCleaner\NuGetCleaner.xproj", "{D2295FE4-523A-4ABF-B91E-7E05E059D907}"
EndProject
Global
	GlobalSection(SolutionConfigurationPlatforms) = preSolution
		Debug|Any CPU = Debug|Any CPU
		Release|Any CPU = Release|Any CPU
	EndGlobalSection
	GlobalSection(ProjectConfigurationPlatforms) = postSolution
		{D2295FE4-523A-4ABF-B91E-7E05E059D907}.Debug|Any CPU.ActiveCfg = Debug|Any CPU
		{D2295FE4-523A-4ABF-B91E-7E05E059D907}.Debug|Any CPU.Build.0 = Debug|Any CPU
		{D2295FE4-523A-4ABF-B91E-7E05E059D907}.Release|Any CPU.ActiveCfg = Release|Any CPU
		{D2295FE4-523A-4ABF-B91E-7E05E059D907}.Release|Any CPU.Build.0 = Release|Any CPU
	EndGlobalSection
	GlobalSection(SolutionProperties) = preSolution
		HideSolutionNode = FALSE
	EndGlobalSection
	GlobalSection(NestedProjects) = preSolution
		{D2295FE4-523A-4ABF-B91E-7E05E059D907} = {89BFBFD6-752C-4254-96AA-394C9DA1CFC4}
	EndGlobalSection
EndGlobal
